
Microsoft Visual Studio Solution File, Format Version 12.00
# Visual Studio Version 16
VisualStudioVersion = 16.0.30907.101
MinimumVisualStudioVersion = 10.0.40219.1
Project("{9A19103F-16F7-4668-BE54-9A1E7A4F7556}") = "Exchange.RestServices.Tests", "Exchange.RestServices.Tests\Exchange.RestServices.Tests.csproj", "{BBCAE571-10B3-4876-80A1-D3A56DECB224}"
EndProject
Project("{9A19103F-16F7-4668-BE54-9A1E7A4F7556}") = "Exchange.RestServices", "Exchange.RestServices\Exchange.RestServices.csproj", "{C8534CA6-0DD3-42E1-8309-66EA73262BCB}"
EndProject
Global
	GlobalSection(SolutionConfigurationPlatforms) = preSolution
		Debug|Any CPU = Debug|Any CPU
		Release|Any CPU = Release|Any CPU
	EndGlobalSection
	GlobalSection(ProjectConfigurationPlatforms) = postSolution
		{BBCAE571-10B3-4876-80A1-D3A56DECB224}.Debug|Any CPU.ActiveCfg = Debug|Any CPU
		{BBCAE571-10B3-4876-80A1-D3A56DECB224}.Debug|Any CPU.Build.0 = Debug|Any CPU
		{BBCAE571-10B3-4876-80A1-D3A56DECB224}.Release|Any CPU.ActiveCfg = Release|Any CPU
		{BBCAE571-10B3-4876-80A1-D3A56DECB224}.Release|Any CPU.Build.0 = Release|Any CPU
		{C8534CA6-0DD3-42E1-8309-66EA73262BCB}.Debug|Any CPU.ActiveCfg = Debug|Any CPU
		{C8534CA6-0DD3-42E1-8309-66EA73262BCB}.Debug|Any CPU.Build.0 = Debug|Any CPU
		{C8534CA6-0DD3-42E1-8309-66EA73262BCB}.Release|Any CPU.ActiveCfg = Release|Any CPU
		{C8534CA6-0DD3-42E1-8309-66EA73262BCB}.Release|Any CPU.Build.0 = Release|Any CPU
	EndGlobalSection
	GlobalSection(SolutionProperties) = preSolution
		HideSolutionNode = FALSE
	EndGlobalSection
	GlobalSection(ExtensibilityGlobals) = postSolution
		SolutionGuid = {A8BF30B2-1E2D-466B-9193-3D0AE92ABDEA}
	EndGlobalSection
EndGlobal
